
Microsoft Visual Studio Solution File, Format Version 12.00
# Visual Studio 15
VisualStudioVersion = 15.0.27130.2027
MinimumVisualStudioVersion = 10.0.40219.1
Project("{FAE04EC0-301F-11D3-BF4B-00C04F79EFBC}") = "OnlineTools", "OnlineTools\OnlineTools.csproj", "{81E1079E-4B54-47B4-8CC9-3FC553580136}"
EndProject
Global
	GlobalSection(SolutionConfigurationPlatforms) = preSolution
		Debug|Any CPU = Debug|Any CPU
		Release|Any CPU = Release|Any CPU
	EndGlobalSection
	GlobalSection(ProjectConfigurationPlatforms) = postSolution
		{81E1079E-4B54-47B4-8CC9-3FC553580136}.Debug|Any CPU.ActiveCfg = Debug|Any CPU
		{81E1079E-4B54-47B4-8CC9-3FC553580136}.Debug|Any CPU.Build.0 = Debug|Any CPU
		{81E1079E-4B54-47B4-8CC9-3FC553580136}.Release|Any CPU.ActiveCfg = Release|Any CPU
		{81E1079E-4B54-47B4-8CC9-3FC553580136}.Release|Any CPU.Build.0 = Release|Any CPU
	EndGlobalSection
	GlobalSection(SolutionProperties) = preSolution
		HideSolutionNode = FALSE
	EndGlobalSection
	GlobalSection(ExtensibilityGlobals) = postSolution
		SolutionGuid = {34EF4663-6C05-4ADC-AF89-A76395817510}
	EndGlobalSection
EndGlobal
